
Microsoft Visual Studio Solution File, Format Version 12.00
# Visual Studio Version 17
VisualStudioVersion = 17.9.34728.123
MinimumVisualStudioVersion = 10.0.40219.1
Project("{9A19103F-16F7-4668-BE54-9A1E7A4F7556}") = "NetSerializer", "NetSerializer\NetSerializer.csproj", "{8740F09D-D5FA-4D6D-9C47-D7AF11D6A812}"
EndProject
Project("{9A19103F-16F7-4668-BE54-9A1E7A4F7556}") = "Demo", "Demo\Demo.csproj", "{6D7464FC-C732-44CF-AD79-9509EB81B189}"
EndProject
Project("{2150E333-8FDC-42A3-9474-1A3956D46DE8}") = "Solution Items", "Solution Items", "{62F1796B-0EAC-4FA1-A525-6C5D7AE4E7BE}"
	ProjectSection(SolutionItems) = preProject
		Directory.build.props = Directory.build.props
	EndProjectSection
EndProject
Global
	GlobalSection(SolutionConfigurationPlatforms) = preSolution
		Debug|Any CPU = Debug|Any CPU
		Release|Any CPU = Release|Any CPU
	EndGlobalSection
	GlobalSection(ProjectConfigurationPlatforms) = postSolution
		{8740F09D-D5FA-4D6D-9C47-D7AF11D6A812}.Debug|Any CPU.ActiveCfg = Debug|Any CPU
		{8740F09D-D5FA-4D6D-9C47-D7AF11D6A812}.Debug|Any CPU.Build.0 = Debug|Any CPU
		{8740F09D-D5FA-4D6D-9C47-D7AF11D6A812}.Release|Any CPU.ActiveCfg = Release|Any CPU
		{8740F09D-D5FA-4D6D-9C47-D7AF11D6A812}.Release|Any CPU.Build.0 = Release|Any CPU
		{6D7464FC-C732-44CF-AD79-9509EB81B189}.Debug|Any CPU.ActiveCfg = Debug|Any CPU
		{6D7464FC-C732-44CF-AD79-9509EB81B189}.Debug|Any CPU.Build.0 = Debug|Any CPU
		{6D7464FC-C732-44CF-AD79-9509EB81B189}.Release|Any CPU.ActiveCfg = Release|Any CPU
		{6D7464FC-C732-44CF-AD79-9509EB81B189}.Release|Any CPU.Build.0 = Release|Any CPU
	EndGlobalSection
	GlobalSection(SolutionProperties) = preSolution
		HideSolutionNode = FALSE
	EndGlobalSection
	GlobalSection(ExtensibilityGlobals) = postSolution
		SolutionGuid = {EBC45F6A-B3FE-455A-A266-BD844683178C}
	EndGlobalSection
EndGlobal
